
Microsoft Visual Studio Solution File, Format Version 12.00
# Visual Studio Version 16
VisualStudioVersion = 16.0.31729.503
MinimumVisualStudioVersion = 10.0.40219.1
Project("{9A19103F-16F7-4668-BE54-9A1E7A4F7556}") = "CreateABook", "CreateABook\CreateABook.csproj", "{5F1C845D-BBB3-46D5-A1AB-475070A4B8BC}"
EndProject
Project("{FAE04EC0-301F-11D3-BF4B-00C04F79EFBC}") = "DelegateHelp", "DelegateHelp\DelegateHelp.csproj", "{3C7FDAEE-069B-4446-93E4-1769161891BF}"
EndProject
Global
	GlobalSection(SolutionConfigurationPlatforms) = preSolution
		Debug|Any CPU = Debug|Any CPU
		Release|Any CPU = Release|Any CPU
	EndGlobalSection
	GlobalSection(ProjectConfigurationPlatforms) = postSolution
		{5F1C845D-BBB3-46D5-A1AB-475070A4B8BC}.Debug|Any CPU.ActiveCfg = Debug|Any CPU
		{5F1C845D-BBB3-46D5-A1AB-475070A4B8BC}.Debug|Any CPU.Build.0 = Debug|Any CPU
		{5F1C845D-BBB3-46D5-A1AB-475070A4B8BC}.Release|Any CPU.ActiveCfg = Release|Any CPU
		{5F1C845D-BBB3-46D5-A1AB-475070A4B8BC}.Release|Any CPU.Build.0 = Release|Any CPU
		{3C7FDAEE-069B-4446-93E4-1769161891BF}.Debug|Any CPU.ActiveCfg = Debug|Any CPU
		{3C7FDAEE-069B-4446-93E4-1769161891BF}.Debug|Any CPU.Build.0 = Debug|Any CPU
		{3C7FDAEE-069B-4446-93E4-1769161891BF}.Release|Any CPU.ActiveCfg = Release|Any CPU
		{3C7FDAEE-069B-4446-93E4-1769161891BF}.Release|Any CPU.Build.0 = Release|Any CPU
	EndGlobalSection
	GlobalSection(SolutionProperties) = preSolution
		HideSolutionNode = FALSE
	EndGlobalSection
	GlobalSection(ExtensibilityGlobals) = postSolution
		SolutionGuid = {288074C6-ADD6-4B4F-9874-ED5123DDAEB3}
	EndGlobalSection
EndGlobal
